{
  "name": "@tuan149202401/veritatis-minus-omnis",
  "version": "1.0.0",
  "lockfileVersion": 3,
  "requires": true,
  "packages": {
    "": {
      "name": "@tuan149202401/veritatis-minus-omnis",
      "version": "1.0.0",
      "license": "MIT",
      "dependencies": {
        "@tuan149202401/accusantium-laudantium-nihil-nobis": "^1.0.0"
      }
    },
    "node_modules/@tuan149202401/accusantium-laudantium-nihil-nobis": {
      "version": "1.0.0",
      "resolved": "https://registry.npmjs.org/@tuan149202401/accusantium-laudantium-nihil-nobis/-/accusantium-laudantium-nihil-nobis-1.0.0.tgz",
      "integrity": "sha512-sL6kVBwVIHYOwTDbU1GPXnelY7E7UAIgrT24zomeiPWYNwlZ3hQaInhVjsRUZFq6Y39+dQSIeEztpFcUgjCXqQ=="
    }
  }
}
